
Microsoft Visual Studio Solution File, Format Version 12.00
# Visual Studio Version 16
VisualStudioVersion = 16.0.30320.27
MinimumVisualStudioVersion = 10.0.40219.1
Project("{8BC9CEB8-8B4A-11D0-8D11-00A0C91BC942}") = "025", "025\025.vcxproj", "{146605A2-67BE-42CE-B65A-80488713AC24}"
EndProject
Project("{8BC9CEB8-8B4A-11D0-8D11-00A0C91BC942}") = "024", "024\024.vcxproj", "{E6A5BF88-940A-4805-9F69-795D01881EDB}"
EndProject
Project("{8BC9CEB8-8B4A-11D0-8D11-00A0C91BC942}") = "023", "023\023.vcxproj", "{186505BB-CB59-4D0C-A8A7-B1109472014C}"
EndProject
Project("{8BC9CEB8-8B4A-11D0-8D11-00A0C91BC942}") = "022", "022\022.vcxproj", "{63CF17AB-3B98-4A2F-AE5C-1820B7086D6A}"
EndProject
Project("{8BC9CEB8-8B4A-11D0-8D11-00A0C91BC942}") = "021", "021\021.vcxproj", "{69F85C42-4889-4E01-899C-F2E9C7C4F1E1}"
EndProject
Project("{8BC9CEB8-8B4A-11D0-8D11-00A0C91BC942}") = "020", "020\020.vcxproj", "{18AFF1DB-A5A1-4DAD-801A-E84A3AAC6F46}"
EndProject
Project("{8BC9CEB8-8B4A-11D0-8D11-00A0C91BC942}") = "019", "019\019.vcxproj", "{DEF4B05F-D874-4FC7-8989-011EC7D3E1F6}"
EndProject
Project("{8BC9CEB8-8B4A-11D0-8D11-00A0C91BC942}") = "018", "018\018.vcxproj", "{91B7C725-90D1-4CA7-A64C-B830A03E9372}"
EndProject
Project("{8BC9CEB8-8B4A-11D0-8D11-00A0C91BC942}") = "017", "017\017.vcxproj", "{8C87851D-95A5-4525-85E5-531A40F78380}"
EndProject
Project("{8BC9CEB8-8B4A-11D0-8D11-00A0C91BC942}") = "016", "016\016.vcxproj", "{E66CBA6F-0B10-4E0E-8B8C-D0887E6DE3E4}"
EndProject
Project("{8BC9CEB8-8B4A-11D0-8D11-00A0C91BC942}") = "015", "015\015.vcxproj", "{D64AC19F-2720-4983-94EB-99A28C8A1780}"
EndProject
Project("{8BC9CEB8-8B4A-11D0-8D11-00A0C91BC942}") = "014", "014\014.vcxproj", "{C357C4CD-7C30-49EF-A527-70B8865DC33D}"
EndProject
Project("{8BC9CEB8-8B4A-11D0-8D11-00A0C91BC942}") = "013", "013\013.vcxproj", "{8A9CF249-F862-4A4B-9AC7-56E6C4453280}"
EndProject
Project("{8BC9CEB8-8B4A-11D0-8D11-00A0C91BC942}") = "012", "012\012.vcxproj", "{A98264EF-A048-43FE-8E19-03F2A9871437}"
EndProject
Project("{8BC9CEB8-8B4A-11D0-8D11-00A0C91BC942}") = "011", "011\011.vcxproj", "{C6333512-760B-49F1-99E8-8B06C0E07B1A}"
EndProject
Project("{8BC9CEB8-8B4A-11D0-8D11-00A0C91BC942}") = "010", "010\010.vcxproj", "{414218C8-6632-468E-A3D9-CECB373E419D}"
EndProject
Project("{8BC9CEB8-8B4A-11D0-8D11-00A0C91BC942}") = "009", "009\009.vcxproj", "{A083FCFA-7218-47B6-9C3D-6BAB00B9F8BB}"
EndProject
Project("{8BC9CEB8-8B4A-11D0-8D11-00A0C91BC942}") = "008", "008\008.vcxproj", "{93FE880A-E1BA-4387-BD86-0604B422C420}"
EndProject
Project("{8BC9CEB8-8B4A-11D0-8D11-00A0C91BC942}") = "007", "007\007.vcxproj", "{4A454161-B096-4AB8-9F2B-CDC8A483973C}"
EndProject
Project("{8BC9CEB8-8B4A-11D0-8D11-00A0C91BC942}") = "006", "006\006.vcxproj", "{435BD538-EFF2-4C38-91A5-1BF01F55DAEF}"
EndProject
Project("{8BC9CEB8-8B4A-11D0-8D11-00A0C91BC942}") = "005", "005\005.vcxproj", "{9EE7A5CD-2FD8-464F-9428-9ECE83AC95CE}"
EndProject
Project("{8BC9CEB8-8B4A-11D0-8D11-00A0C91BC942}") = "000TEST", "TEST1\TEST1.vcxproj", "{D8A563AC-EFD2-47B6-94C6-628AA03C0F5A}"
EndProject
Project("{8BC9CEB8-8B4A-11D0-8D11-00A0C91BC942}") = "026", "026\026.vcxproj", "{E13EC58A-DCCB-4486-A0A9-5787766E4214}"
EndProject
Project("{8BC9CEB8-8B4A-11D0-8D11-00A0C91BC942}") = "Weekly_Homework", "Weekly_Homework\Weekly_Homework.vcxproj", "{121C7755-1030-40D9-9E4B-BBCC1AEC0E6C}"
EndProject
Global
	GlobalSection(SolutionConfigurationPlatforms) = preSolution
		Debug|x64 = Debug|x64
		Debug|x86 = Debug|x86
		Release|x64 = Release|x64
		Release|x86 = Release|x86
	EndGlobalSection
	GlobalSection(ProjectConfigurationPlatforms) = postSolution
		{146605A2-67BE-42CE-B65A-80488713AC24}.Debug|x64.ActiveCfg = Debug|x64
		{146605A2-67BE-42CE-B65A-80488713AC24}.Debug|x64.Build.0 = Debug|x64
		{146605A2-67BE-42CE-B65A-80488713AC24}.Debug|x86.ActiveCfg = Debug|Win32
		{146605A2-67BE-42CE-B65A-80488713AC24}.Debug|x86.Build.0 = Debug|Win32
		{146605A2-67BE-42CE-B65A-80488713AC24}.Release|x64.ActiveCfg = Release|x64
		{146605A2-67BE-42CE-B65A-80488713AC24}.Release|x64.Build.0 = Release|x64
		{146605A2-67BE-42CE-B65A-80488713AC24}.Release|x86.ActiveCfg = Release|Win32
		{146605A2-67BE-42CE-B65A-80488713AC24}.Release|x86.Build.0 = Release|Win32
		{E6A5BF88-940A-4805-9F69-795D01881EDB}.Debug|x64.ActiveCfg = Debug|x64
		{E6A5BF88-940A-4805-9F69-795D01881EDB}.Debug|x64.Build.0 = Debug|x64
		{E6A5BF88-940A-4805-9F69-795D01881EDB}.Debug|x86.ActiveCfg = Debug|Win32
		{E6A5BF88-940A-4805-9F69-795D01881EDB}.Debug|x86.Build.0 = Debug|Win32
		{E6A5BF88-940A-4805-9F69-795D01881EDB}.Release|x64.ActiveCfg = Release|x64
		{E6A5BF88-940A-4805-9F69-795D01881EDB}.Release|x64.Build.0 = Release|x64
		{E6A5BF88-940A-4805-9F69-795D01881EDB}.Release|x86.ActiveCfg = Release|Win32
		{E6A5BF88-940A-4805-9F69-795D01881EDB}.Release|x86.Build.0 = Release|Win32
		{186505BB-CB59-4D0C-A8A7-B1109472014C}.Debug|x64.ActiveCfg = Debug|x64
		{186505BB-CB59-4D0C-A8A7-B1109472014C}.Debug|x64.Build.0 = Debug|x64
		{186505BB-CB59-4D0C-A8A7-B1109472014C}.Debug|x86.ActiveCfg = Debug|Win32
		{186505BB-CB59-4D0C-A8A7-B1109472014C}.Debug|x86.Build.0 = Debug|Win32
		{186505BB-CB59-4D0C-A8A7-B1109472014C}.Release|x64.ActiveCfg = Release|x64
		{186505BB-CB59-4D0C-A8A7-B1109472014C}.Release|x64.Build.0 = Release|x64
		{186505BB-CB59-4D0C-A8A7-B1109472014C}.Release|x86.ActiveCfg = Release|Win32
		{186505BB-CB59-4D0C-A8A7-B1109472014C}.Release|x86.Build.0 = Release|Win32
		{63CF17AB-3B98-4A2F-AE5C-1820B7086D6A}.Debug|x64.ActiveCfg = Debug|x64
		{63CF17AB-3B98-4A2F-AE5C-1820B7086D6A}.Debug|x64.Build.0 = Debug|x64
		{63CF17AB-3B98-4A2F-AE5C-1820B7086D6A}.Debug|x86.ActiveCfg = Debug|Win32
		{63CF17AB-3B98-4A2F-AE5C-1820B7086D6A}.Debug|x86.Build.0 = Debug|Win32
		{63CF17AB-3B98-4A2F-AE5C-1820B7086D6A}.Release|x64.ActiveCfg = Release|x64
		{63CF17AB-3B98-4A2F-AE5C-1820B7086D6A}.Release|x64.Build.0 = Release|x64
		{63CF17AB-3B98-4A2F-AE5C-1820B7086D6A}.Release|x86.ActiveCfg = Release|Win32
		{63CF17AB-3B98-4A2F-AE5C-1820B7086D6A}.Release|x86.Build.0 = Release|Win32
		{69F85C42-4889-4E01-899C-F2E9C7C4F1E1}.Debug|x64.ActiveCfg = Debug|x64
		{69F85C42-4889-4E01-899C-F2E9C7C4F1E1}.Debug|x64.Build.0 = Debug|x64
		{69F85C42-4889-4E01-899C-F2E9C7C4F1E1}.Debug|x86.ActiveCfg = Debug|Win32
		{69F85C42-4889-4E01-899C-F2E9C7C4F1E1}.Debug|x86.Build.0 = Debug|Win32
		{69F85C42-4889-4E01-899C-F2E9C7C4F1E1}.Release|x64.ActiveCfg = Release|x64
		{69F85C42-4889-4E01-899C-F2E9C7C4F1E1}.Release|x64.Build.0 = Release|x64
		{69F85C42-4889-4E01-899C-F2E9C7C4F1E1}.Release|x86.ActiveCfg = Release|Win32
		{69F85C42-4889-4E01-899C-F2E9C7C4F1E1}.Release|x86.Build.0 = Release|Win32
		{18AFF1DB-A5A1-4DAD-801A-E84A3AAC6F46}.Debug|x64.ActiveCfg = Debug|x64
		{18AFF1DB-A5A1-4DAD-801A-E84A3AAC6F46}.Debug|x64.Build.0 = Debug|x64
		{18AFF1DB-A5A1-4DAD-801A-E84A3AAC6F46}.Debug|x86.ActiveCfg = Debug|Win32
		{18AFF1DB-A5A1-4DAD-801A-E84A3AAC6F46}.Debug|x86.Build.0 = Debug|Win32
		{18AFF1DB-A5A1-4DAD-801A-E84A3AAC6F46}.Release|x64.ActiveCfg = Release|x64
		{18AFF1DB-A5A1-4DAD-801A-E84A3AAC6F46}.Release|x64.Build.0 = Release|x64
		{18AFF1DB-A5A1-4DAD-801A-E84A3AAC6F46}.Release|x86.ActiveCfg = Release|Win32
		{18AFF1DB-A5A1-4DAD-801A-E84A3AAC6F46}.Release|x86.Build.0 = Release|Win32
		{DEF4B05F-D874-4FC7-8989-011EC7D3E1F6}.Debug|x64.ActiveCfg = Debug|x64
		{DEF4B05F-D874-4FC7-8989-011EC7D3E1F6}.Debug|x64.Build.0 = Debug|x64
		{DEF4B05F-D874-4FC7-8989-011EC7D3E1F6}.Debug|x86.ActiveCfg = Debug|Win32
		{DEF4B05F-D874-4FC7-8989-011EC7D3E1F6}.Debug|x86.Build.0 = Debug|Win32
		{DEF4B05F-D874-4FC7-8989-011EC7D3E1F6}.Release|x64.ActiveCfg = Release|x64
		{DEF4B05F-D874-4FC7-8989-011EC7D3E1F6}.Release|x64.Build.0 = Release|x64
		{DEF4B05F-D874-4FC7-8989-011EC7D3E1F6}.Release|x86.ActiveCfg = Release|Win32
		{DEF4B05F-D874-4FC7-8989-011EC7D3E1F6}.Release|x86.Build.0 = Release|Win32
		{91B7C725-90D1-4CA7-A64C-B830A03E9372}.Debug|x64.ActiveCfg = Debug|x64
		{91B7C725-90D1-4CA7-A64C-B830A03E9372}.Debug|x64.Build.0 = Debug|x64
		{91B7C725-90D1-4CA7-A64C-B830A03E9372}.Debug|x86.ActiveCfg = Debug|Win32
		{91B7C725-90D1-4CA7-A64C-B830A03E9372}.Debug|x86.Build.0 = Debug|Win32
		{91B7C725-90D1-4CA7-A64C-B830A03E9372}.Release|x64.ActiveCfg = Release|x64
		{91B7C725-90D1-4CA7-A64C-B830A03E9372}.Release|x64.Build.0 = Release|x64
		{91B7C725-90D1-4CA7-A64C-B830A03E9372}.Release|x86.ActiveCfg = Release|Win32
		{91B7C725-90D1-4CA7-A64C-B830A03E9372}.Release|x86.Build.0 = Release|Win32
		{8C87851D-95A5-4525-85E5-531A40F78380}.Debug|x64.ActiveCfg = Debug|x64
		{8C87851D-95A5-4525-85E5-531A40F78380}.Debug|x64.Build.0 = Debug|x64
		{8C87851D-95A5-4525-85E5-531A40F78380}.Debug|x86.ActiveCfg = Debug|Win32
		{8C87851D-95A5-4525-85E5-531A40F78380}.Debug|x86.Build.0 = Debug|Win32
		{8C87851D-95A5-4525-85E5-531A40F78380}.Release|x64.ActiveCfg = Release|x64
		{8C87851D-95A5-4525-85E5-531A40F78380}.Release|x64.Build.0 = Release|x64
		{8C87851D-95A5-4525-85E5-531A40F78380}.Release|x86.ActiveCfg = Release|Win32
		{8C87851D-95A5-4525-85E5-531A40F78380}.Release|x86.Build.0 = Release|Win32
		{E66CBA6F-0B10-4E0E-8B8C-D0887E6DE3E4}.Debug|x64.ActiveCfg = Debug|x64
		{E66CBA6F-0B10-4E0E-8B8C-D0887E6DE3E4}.Debug|x64.Build.0 = Debug|x64
		{E66CBA6F-0B10-4E0E-8B8C-D0887E6DE3E4}.Debug|x86.ActiveCfg = Debug|Win32
		{E66CBA6F-0B10-4E0E-8B8C-D0887E6DE3E4}.Debug|x86.Build.0 = Debug|Win32
		{E66CBA6F-0B10-4E0E-8B8C-D0887E6DE3E4}.Release|x64.ActiveCfg = Release|x64
		{E66CBA6F-0B10-4E0E-8B8C-D0887E6DE3E4}.Release|x64.Build.0 = Release|x64
		{E66CBA6F-0B10-4E0E-8B8C-D0887E6DE3E4}.Release|x86.ActiveCfg = Release|Win32
		{E66CBA6F-0B10-4E0E-8B8C-D0887E6DE3E4}.Release|x86.Build.0 = Release|Win32
		{D64AC19F-2720-4983-94EB-99A28C8A1780}.Debug|x64.ActiveCfg = Debug|x64
		{D64AC19F-2720-4983-94EB-99A28C8A1780}.Debug|x64.Build.0 = Debug|x64
		{D64AC19F-2720-4983-94EB-99A28C8A1780}.Debug|x86.ActiveCfg = Debug|Win32
		{D64AC19F-2720-4983-94EB-99A28C8A1780}.Debug|x86.Build.0 = Debug|Win32
		{D64AC19F-2720-4983-94EB-99A28C8A1780}.Release|x64.ActiveCfg = Release|x64
		{D64AC19F-2720-4983-94EB-99A28C8A1780}.Release|x64.Build.0 = Release|x64
		{D64AC19F-2720-4983-94EB-99A28C8A1780}.Release|x86.ActiveCfg = Release|Win32
		{D64AC19F-2720-4983-94EB-99A28C8A1780}.Release|x86.Build.0 = Release|Win32
		{C357C4CD-7C30-49EF-A527-70B8865DC33D}.Debug|x64.ActiveCfg = Debug|x64
		{C357C4CD-7C30-49EF-A527-70B8865DC33D}.Debug|x64.Build.0 = Debug|x64
		{C357C4CD-7C30-49EF-A527-70B8865DC33D}.Debug|x86.ActiveCfg = Debug|Win32
		{C357C4CD-7C30-49EF-A527-70B8865DC33D}.Debug|x86.Build.0 = Debug|Win32
		{C357C4CD-7C30-49EF-A527-70B8865DC33D}.Release|x64.ActiveCfg = Release|x64
		{C357C4CD-7C30-49EF-A527-70B8865DC33D}.Release|x64.Build.0 = Release|x64
		{C357C4CD-7C30-49EF-A527-70B8865DC33D}.Release|x86.ActiveCfg = Release|Win32
		{C357C4CD-7C30-49EF-A527-70B8865DC33D}.Release|x86.Build.0 = Release|Win32
		{8A9CF249-F862-4A4B-9AC7-56E6C4453280}.Debug|x64.ActiveCfg = Debug|x64
		{8A9CF249-F862-4A4B-9AC7-56E6C4453280}.Debug|x64.Build.0 = Debug|x64
		{8A9CF249-F862-4A4B-9AC7-56E6C4453280}.Debug|x86.ActiveCfg = Debug|Win32
		{8A9CF249-F862-4A4B-9AC7-56E6C4453280}.Debug|x86.Build.0 = Debug|Win32
		{8A9CF249-F862-4A4B-9AC7-56E6C4453280}.Release|x64.ActiveCfg = Release|x64
		{8A9CF249-F862-4A4B-9AC7-56E6C4453280}.Release|x64.Build.0 = Release|x64
		{8A9CF249-F862-4A4B-9AC7-56E6C4453280}.Release|x86.ActiveCfg = Release|Win32
		{8A9CF249-F862-4A4B-9AC7-56E6C4453280}.Release|x86.Build.0 = Release|Win32
		{A98264EF-A048-43FE-8E19-03F2A9871437}.Debug|x64.ActiveCfg = Debug|x64
		{A98264EF-A048-43FE-8E19-03F2A9871437}.Debug|x64.Build.0 = Debug|x64
		{A98264EF-A048-43FE-8E19-03F2A9871437}.Debug|x86.ActiveCfg = Debug|Win32
		{A98264EF-A048-43FE-8E19-03F2A9871437}.Debug|x86.Build.0 = Debug|Win32
		{A98264EF-A048-43FE-8E19-03F2A9871437}.Release|x64.ActiveCfg = Release|x64
		{A98264EF-A048-43FE-8E19-03F2A9871437}.Release|x64.Build.0 = Release|x64
		{A98264EF-A048-43FE-8E19-03F2A9871437}.Release|x86.ActiveCfg = Release|Win32
		{A98264EF-A048-43FE-8E19-03F2A9871437}.Release|x86.Build.0 = Release|Win32
		{C6333512-760B-49F1-99E8-8B06C0E07B1A}.Debug|x64.ActiveCfg = Debug|x64
		{C6333512-760B-49F1-99E8-8B06C0E07B1A}.Debug|x64.Build.0 = Debug|x64
		{C6333512-760B-49F1-99E8-8B06C0E07B1A}.Debug|x86.ActiveCfg = Debug|Win32
		{C6333512-760B-49F1-99E8-8B06C0E07B1A}.Debug|x86.Build.0 = Debug|Win32
		{C6333512-760B-49F1-99E8-8B06C0E07B1A}.Release|x64.ActiveCfg = Release|x64
		{C6333512-760B-49F1-99E8-8B06C0E07B1A}.Release|x64.Build.0 = Release|x64
		{C6333512-760B-49F1-99E8-8B06C0E07B1A}.Release|x86.ActiveCfg = Release|Win32
		{C6333512-760B-49F1-99E8-8B06C0E07B1A}.Release|x86.Build.0 = Release|Win32
		{414218C8-6632-468E-A3D9-CECB373E419D}.Debug|x64.ActiveCfg = Debug|x64
		{414218C8-6632-468E-A3D9-CECB373E419D}.Debug|x64.Build.0 = Debug|x64
		{414218C8-6632-468E-A3D9-CECB373E419D}.Debug|x86.ActiveCfg = Debug|Win32
		{414218C8-6632-468E-A3D9-CECB373E419D}.Debug|x86.Build.0 = Debug|Win32
		{414218C8-6632-468E-A3D9-CECB373E419D}.Release|x64.ActiveCfg = Release|x64
		{414218C8-6632-468E-A3D9-CECB373E419D}.Release|x64.Build.0 = Release|x64
		{414218C8-6632-468E-A3D9-CECB373E419D}.Release|x86.ActiveCfg = Release|Win32
		{414218C8-6632-468E-A3D9-CECB373E419D}.Release|x86.Build.0 = Release|Win32
		{A083FCFA-7218-47B6-9C3D-6BAB00B9F8BB}.Debug|x64.ActiveCfg = Debug|x64
		{A083FCFA-7218-47B6-9C3D-6BAB00B9F8BB}.Debug|x64.Build.0 = Debug|x64
		{A083FCFA-7218-47B6-9C3D-6BAB00B9F8BB}.Debug|x86.ActiveCfg = Debug|Win32
		{A083FCFA-7218-47B6-9C3D-6BAB00B9F8BB}.Debug|x86.Build.0 = Debug|Win32
		{A083FCFA-7218-47B6-9C3D-6BAB00B9F8BB}.Release|x64.ActiveCfg = Release|x64
		{A083FCFA-7218-47B6-9C3D-6BAB00B9F8BB}.Release|x64.Build.0 = Release|x64
		{A083FCFA-7218-47B6-9C3D-6BAB00B9F8BB}.Release|x86.ActiveCfg = Release|Win32
		{A083FCFA-7218-47B6-9C3D-6BAB00B9F8BB}.Release|x86.Build.0 = Release|Win32
		{93FE880A-E1BA-4387-BD86-0604B422C420}.Debug|x64.ActiveCfg = Debug|x64
		{93FE880A-E1BA-4387-BD86-0604B422C420}.Debug|x64.Build.0 = Debug|x64
		{93FE880A-E1BA-4387-BD86-0604B422C420}.Debug|x86.ActiveCfg = Debug|Win32
		{93FE880A-E1BA-4387-BD86-0604B422C420}.Debug|x86.Build.0 = Debug|Win32
		{93FE880A-E1BA-4387-BD86-0604B422C420}.Release|x64.ActiveCfg = Release|x64
		{93FE880A-E1BA-4387-BD86-0604B422C420}.Release|x64.Build.0 = Release|x64
		{93FE880A-E1BA-4387-BD86-0604B422C420}.Release|x86.ActiveCfg = Release|Win32
		{93FE880A-E1BA-4387-BD86-0604B422C420}.Release|x86.Build.0 = Release|Win32
		{4A454161-B096-4AB8-9F2B-CDC8A483973C}.Debug|x64.ActiveCfg = Debug|x64
		{4A454161-B096-4AB8-9F2B-CDC8A483973C}.Debug|x64.Build.0 = Debug|x64
		{4A454161-B096-4AB8-9F2B-CDC8A483973C}.Debug|x86.ActiveCfg = Debug|Win32
		{4A454161-B096-4AB8-9F2B-CDC8A483973C}.Debug|x86.Build.0 = Debug|Win32
		{4A454161-B096-4AB8-9F2B-CDC8A483973C}.Release|x64.ActiveCfg = Release|x64
		{4A454161-B096-4AB8-9F2B-CDC8A483973C}.Release|x64.Build.0 = Release|x64
		{4A454161-B096-4AB8-9F2B-CDC8A483973C}.Release|x86.ActiveCfg = Release|Win32
		{4A454161-B096-4AB8-9F2B-CDC8A483973C}.Release|x86.Build.0 = Release|Win32
		{435BD538-EFF2-4C38-91A5-1BF01F55DAEF}.Debug|x64.ActiveCfg = Debug|x64
		{435BD538-EFF2-4C38-91A5-1BF01F55DAEF}.Debug|x64.Build.0 = Debug|x64
		{435BD538-EFF2-4C38-91A5-1BF01F55DAEF}.Debug|x86.ActiveCfg = Debug|Win32
		{435BD538-EFF2-4C38-91A5-1BF01F55DAEF}.Debug|x86.Build.0 = Debug|Win32
		{435BD538-EFF2-4C38-91A5-1BF01F55DAEF}.Release|x64.ActiveCfg = Release|x64
		{435BD538-EFF2-4C38-91A5-1BF01F55DAEF}.Release|x64.Build.0 = Release|x64
		{435BD538-EFF2-4C38-91A5-1BF01F55DAEF}.Release|x86.ActiveCfg = Release|Win32
		{435BD538-EFF2-4C38-91A5-1BF01F55DAEF}.Release|x86.Build.0 = Release|Win32
		{9EE7A5CD-2FD8-464F-9428-9ECE83AC95CE}.Debug|x64.ActiveCfg = Debug|x64
		{9EE7A5CD-2FD8-464F-9428-9ECE83AC95CE}.Debug|x64.Build.0 = Debug|x64
		{9EE7A5CD-2FD8-464F-9428-9ECE83AC95CE}.Debug|x86.ActiveCfg = Debug|Win32
		{9EE7A5CD-2FD8-464F-9428-9ECE83AC95CE}.Debug|x86.Build.0 = Debug|Win32
		{9EE7A5CD-2FD8-464F-9428-9ECE83AC95CE}.Release|x64.ActiveCfg = Release|x64
		{9EE7A5CD-2FD8-464F-9428-9ECE83AC95CE}.Release|x64.Build.0 = Release|x64
		{9EE7A5CD-2FD8-464F-9428-9ECE83AC95CE}.Release|x86.ActiveCfg = Release|Win32
		{9EE7A5CD-2FD8-464F-9428-9ECE83AC95CE}.Release|x86.Build.0 = Release|Win32
		{D8A563AC-EFD2-47B6-94C6-628AA03C0F5A}.Debug|x64.ActiveCfg = Debug|x64
		{D8A563AC-EFD2-47B6-94C6-628AA03C0F5A}.Debug|x64.Build.0 = Debug|x64
		{D8A563AC-EFD2-47B6-94C6-628AA03C0F5A}.Debug|x86.ActiveCfg = Debug|Win32
		{D8A563AC-EFD2-47B6-94C6-628AA03C0F5A}.Debug|x86.Build.0 = Debug|Win32
		{D8A563AC-EFD2-47B6-94C6-628AA03C0F5A}.Release|x64.ActiveCfg = Release|x64
		{D8A563AC-EFD2-47B6-94C6-628AA03C0F5A}.Release|x64.Build.0 = Release|x64
		{D8A563AC-EFD2-47B6-94C6-628AA03C0F5A}.Release|x86.ActiveCfg = Release|Win32
		{D8A563AC-EFD2-47B6-94C6-628AA03C0F5A}.Release|x86.Build.0 = Release|Win32
		{E13EC58A-DCCB-4486-A0A9-5787766E4214}.Debug|x64.ActiveCfg = Debug|x64
		{E13EC58A-DCCB-4486-A0A9-5787766E4214}.Debug|x64.Build.0 = Debug|x64
		{E13EC58A-DCCB-4486-A0A9-5787766E4214}.Debug|x86.ActiveCfg = Debug|Win32
		{E13EC58A-DCCB-4486-A0A9-5787766E4214}.Debug|x86.Build.0 = Debug|Win32
		{E13EC58A-DCCB-4486-A0A9-5787766E4214}.Release|x64.ActiveCfg = Release|x64
		{E13EC58A-DCCB-4486-A0A9-5787766E4214}.Release|x64.Build.0 = Release|x64
		{E13EC58A-DCCB-4486-A0A9-5787766E4214}.Release|x86.ActiveCfg = Release|Win32
		{E13EC58A-DCCB-4486-A0A9-5787766E4214}.Release|x86.Build.0 = Release|Win32
		{121C7755-1030-40D9-9E4B-BBCC1AEC0E6C}.Debug|x64.ActiveCfg = Debug|x64
		{121C7755-1030-40D9-9E4B-BBCC1AEC0E6C}.Debug|x64.Build.0 = Debug|x64
		{121C7755-1030-40D9-9E4B-BBCC1AEC0E6C}.Debug|x86.ActiveCfg = Debug|Win32
		{121C7755-1030-40D9-9E4B-BBCC1AEC0E6C}.Debug|x86.Build.0 = Debug|Win32
		{121C7755-1030-40D9-9E4B-BBCC1AEC0E6C}.Release|x64.ActiveCfg = Release|x64
		{121C7755-1030-40D9-9E4B-BBCC1AEC0E6C}.Release|x64.Build.0 = Release|x64
		{121C7755-1030-40D9-9E4B-BBCC1AEC0E6C}.Release|x86.ActiveCfg = Release|Win32
		{121C7755-1030-40D9-9E4B-BBCC1AEC0E6C}.Release|x86.Build.0 = Release|Win32
	EndGlobalSection
	GlobalSection(SolutionProperties) = preSolution
		HideSolutionNode = FALSE
	EndGlobalSection
	GlobalSection(ExtensibilityGlobals) = postSolution
		SolutionGuid = {2230ED68-F050-4ABA-9D06-FA25A23FDC6D}
	EndGlobalSection
EndGlobal
